{
  "name": "testprogram",
  "version": "1.0.0",
  "lockfileVersion": 2,
  "requires": true,
  "packages": {
    "": {
      "name": "testprogram",
      "version": "1.0.0",
      "license": "ISC",
      "dependencies": {
        "@thijmen-os/developmentkit": "^1.0.26"
      }
    },
    "node_modules/@thijmen-os/common": {
      "version": "2.0.30",
      "resolved": "https://registry.npmjs.org/@thijmen-os/common/-/common-2.0.30.tgz",
      "integrity": "sha512-XysnNxfDZlfx92TzIsB5m3M4M96Dax6CmVqfiWIFZkSbQv0lAXDEL2ukn2ygxr0paSVNem3BuNXJZiR3MFsfrg=="
    },
    "node_modules/@thijmen-os/developmentkit": {
      "version": "1.0.26",
      "resolved": "https://registry.npmjs.org/@thijmen-os/developmentkit/-/developmentkit-1.0.26.tgz",
      "integrity": "sha512-Junbcmfa8chGe2O61CgWNxtMXCnk+WlfJYzHqsSDz6umKghtBeSIk01Wy2jYecRhJUczJUVgfhEXkzubbf6+7Q==",
      "dependencies": {
        "@thijmen-os/common": "^2.0.16"
      }
    }
  },
  "dependencies": {
    "@thijmen-os/common": {
      "version": "2.0.30",
      "resolved": "https://registry.npmjs.org/@thijmen-os/common/-/common-2.0.30.tgz",
      "integrity": "sha512-XysnNxfDZlfx92TzIsB5m3M4M96Dax6CmVqfiWIFZkSbQv0lAXDEL2ukn2ygxr0paSVNem3BuNXJZiR3MFsfrg=="
    },
    "@thijmen-os/developmentkit": {
      "version": "1.0.26",
      "resolved": "https://registry.npmjs.org/@thijmen-os/developmentkit/-/developmentkit-1.0.26.tgz",
      "integrity": "sha512-Junbcmfa8chGe2O61CgWNxtMXCnk+WlfJYzHqsSDz6umKghtBeSIk01Wy2jYecRhJUczJUVgfhEXkzubbf6+7Q==",
      "requires": {
        "@thijmen-os/common": "^2.0.16"
      }
    }
  }
}
